
Microsoft Visual Studio Solution File, Format Version 12.00
# Visual Studio Version 16
VisualStudioVersion = 16.0.30406.217
MinimumVisualStudioVersion = 10.0.40219.1
Project("{9A19103F-16F7-4668-BE54-9A1E7A4F7556}") = "webapp", "webapp.csproj", "{C88C7C74-7196-4A7E-AF74-389F93FBDD17}"
EndProject
Global
	GlobalSection(SolutionConfigurationPlatforms) = preSolution
		Debug|Any CPU = Debug|Any CPU
		Release|Any CPU = Release|Any CPU
	EndGlobalSection
	GlobalSection(ProjectConfigurationPlatforms) = postSolution
		{C88C7C74-7196-4A7E-AF74-389F93FBDD17}.Debug|Any CPU.ActiveCfg = Debug|Any CPU
		{C88C7C74-7196-4A7E-AF74-389F93FBDD17}.Debug|Any CPU.Build.0 = Debug|Any CPU
		{C88C7C74-7196-4A7E-AF74-389F93FBDD17}.Release|Any CPU.ActiveCfg = Release|Any CPU
		{C88C7C74-7196-4A7E-AF74-389F93FBDD17}.Release|Any CPU.Build.0 = Release|Any CPU
	EndGlobalSection
	GlobalSection(SolutionProperties) = preSolution
		HideSolutionNode = FALSE
	EndGlobalSection
	GlobalSection(ExtensibilityGlobals) = postSolution
		SolutionGuid = {BEBD394E-F230-4DC6-BC65-75338535E733}
	EndGlobalSection
EndGlobal
